
Microsoft Visual Studio Solution File, Format Version 12.00
# Visual Studio Version 17
VisualStudioVersion = 17.8.34408.163
MinimumVisualStudioVersion = 10.0.40219.1
Project("{FAE04EC0-301F-11D3-BF4B-00C04F79EFBC}") = "Dice", "Dice.csproj", "{386846D8-8FC9-4682-BB12-6B2792A85478}"
EndProject
Global
	GlobalSection(SolutionConfigurationPlatforms) = preSolution
		Debug|Any CPU = Debug|Any CPU
		Release|Any CPU = Release|Any CPU
	EndGlobalSection
	GlobalSection(ProjectConfigurationPlatforms) = postSolution
		{386846D8-8FC9-4682-BB12-6B2792A85478}.Debug|Any CPU.ActiveCfg = Debug|Any CPU
		{386846D8-8FC9-4682-BB12-6B2792A85478}.Debug|Any CPU.Build.0 = Debug|Any CPU
		{386846D8-8FC9-4682-BB12-6B2792A85478}.Release|Any CPU.ActiveCfg = Release|Any CPU
		{386846D8-8FC9-4682-BB12-6B2792A85478}.Release|Any CPU.Build.0 = Release|Any CPU
	EndGlobalSection
	GlobalSection(SolutionProperties) = preSolution
		HideSolutionNode = FALSE
	EndGlobalSection
	GlobalSection(ExtensibilityGlobals) = postSolution
		SolutionGuid = {9437B5E9-180C-4B56-9A23-E8C7969283D3}
	EndGlobalSection
EndGlobal
